// !$*UTF8*$!
{
	archiveVersion = 1;
	classes = {
	};
	objectVersion = 46;
	objects = {

/* Begin PBXBuildFile section */
		CF0E79801CFC6BEE00D83080 /* MCFireworksView.m in Sources */ = {isa = PBXBuildFile; fileRef = CF0E797F1CFC6BEE00D83080 /* MCFireworksView.m */; };
		CF3841021D0D16C200811F7A /* SnowEffectsDemoView.m in Sources */ = {isa = PBXBuildFile; fileRef = CF3841011D0D16C200811F7A /* SnowEffectsDemoView.m */; };
		CF3841061D0D1C9B00811F7A /* GooeyMenuDemoView.m in Sources */ = {isa = PBXBuildFile; fileRef = CF3841051D0D1C9B00811F7A /* GooeyMenuDemoView.m */; };
		CF38410A1D0D1D0800811F7A /* KYGooeyMenu.m in Sources */ = {isa = PBXBuildFile; fileRef = CF3841091D0D1D0800811F7A /* KYGooeyMenu.m */; };
		CF38410D1D0D1D2800811F7A /* Menu.m in Sources */ = {isa = PBXBuildFile; fileRef = CF38410C1D0D1D2800811F7A /* Menu.m */; };
		CF3841101D0D1D4E00811F7A /* MenuLayer.m in Sources */ = {isa = PBXBuildFile; fileRef = CF38410F1D0D1D4E00811F7A /* MenuLayer.m */; };
		CF3841131D0D1D8500811F7A /* KYSpringLayerAnimation.m in Sources */ = {isa = PBXBuildFile; fileRef = CF3841121D0D1D8500811F7A /* KYSpringLayerAnimation.m */; };
		CF3841161D0D1D9C00811F7A /* Cross.m in Sources */ = {isa = PBXBuildFile; fileRef = CF3841151D0D1D9C00811F7A /* Cross.m */; };
		CF38411D1D0D64E000811F7A /* KYBubbleInteractiveTransition.m in Sources */ = {isa = PBXBuildFile; fileRef = CF38411A1D0D64E000811F7A /* KYBubbleInteractiveTransition.m */; };
		CF38411E1D0D64E000811F7A /* KYBubbleTransition.m in Sources */ = {isa = PBXBuildFile; fileRef = CF38411C1D0D64E000811F7A /* KYBubbleTransition.m */; };
		CF3841211D0D657600811F7A /* BubbleTransitionView.m in Sources */ = {isa = PBXBuildFile; fileRef = CF3841201D0D657600811F7A /* BubbleTransitionView.m */; };
		CF3A69C31D04186900F4013A /* JumpStarDemoView.m in Sources */ = {isa = PBXBuildFile; fileRef = CF3A69C21D04186900F4013A /* JumpStarDemoView.m */; };
		CF496F0E1CF7075400FADEA7 /* LoadingHUDView.m in Sources */ = {isa = PBXBuildFile; fileRef = CF496F0D1CF7075400FADEA7 /* LoadingHUDView.m */; };
		CF4B0D731CF9E34900045A42 /* MCFireworksButtonDemoView.m in Sources */ = {isa = PBXBuildFile; fileRef = CF4B0D721CF9E34900045A42 /* MCFireworksButtonDemoView.m */; };
		CF4B0D761CF9E3B800045A42 /* MCFireworksButton.m in Sources */ = {isa = PBXBuildFile; fileRef = CF4B0D751CF9E3B800045A42 /* MCFireworksButton.m */; };
		CF56601D1D067BF7007FB8C2 /* DownloadButtonDemoView.m in Sources */ = {isa = PBXBuildFile; fileRef = CF56601C1D067BF7007FB8C2 /* DownloadButtonDemoView.m */; };
		CF5660201D067C51007FB8C2 /* DownButton.m in Sources */ = {isa = PBXBuildFile; fileRef = CF56601F1D067C51007FB8C2 /* DownButton.m */; };
		CF65CE4C1C1ACE9F008D3DDD /* main.m in Sources */ = {isa = PBXBuildFile; fileRef = CF65CE4B1C1ACE9F008D3DDD /* main.m */; };
		CF65CE4F1C1ACE9F008D3DDD /* AppDelegate.m in Sources */ = {isa = PBXBuildFile; fileRef = CF65CE4E1C1ACE9F008D3DDD /* AppDelegate.m */; };
		CF65CE521C1ACE9F008D3DDD /* ViewController.m in Sources */ = {isa = PBXBuildFile; fileRef = CF65CE511C1ACE9F008D3DDD /* ViewController.m */; };
		CF65CE551C1ACE9F008D3DDD /* Main.storyboard in Resources */ = {isa = PBXBuildFile; fileRef = CF65CE531C1ACE9F008D3DDD /* Main.storyboard */; };
		CF65CE571C1ACE9F008D3DDD /* Assets.xcassets in Resources */ = {isa = PBXBuildFile; fileRef = CF65CE561C1ACE9F008D3DDD /* Assets.xcassets */; };
		CF65CE5A1C1ACE9F008D3DDD /* LaunchScreen.storyboard in Resources */ = {isa = PBXBuildFile; fileRef = CF65CE581C1ACE9F008D3DDD /* LaunchScreen.storyboard */; };
		CF65CE651C1ACE9F008D3DDD /* Practices_Of_A_Guide_To_iOS_AnimationTests.m in Sources */ = {isa = PBXBuildFile; fileRef = CF65CE641C1ACE9F008D3DDD /* Practices_Of_A_Guide_To_iOS_AnimationTests.m */; };
		CF65CE701C1ACE9F008D3DDD /* Practices_Of_A_Guide_To_iOS_AnimationUITests.m in Sources */ = {isa = PBXBuildFile; fileRef = CF65CE6F1C1ACE9F008D3DDD /* Practices_Of_A_Guide_To_iOS_AnimationUITests.m */; };
		CF65CE861C1AEDDC008D3DDD /* LTDisplayVC.m in Sources */ = {isa = PBXBuildFile; fileRef = CF65CE851C1AEDDC008D3DDD /* LTDisplayVC.m */; };
		CF65CE8D1C1BC91A008D3DDD /* ParentView.m in Sources */ = {isa = PBXBuildFile; fileRef = CF65CE8C1C1BC91A008D3DDD /* ParentView.m */; };
		CF6836091CF7397200D41814 /* PingTransitionDemoView.m in Sources */ = {isa = PBXBuildFile; fileRef = CF6836081CF7397200D41814 /* PingTransitionDemoView.m */; };
		CF68360C1CF73D9700D41814 /* CustomTransition.m in Sources */ = {isa = PBXBuildFile; fileRef = CF68360B1CF73D9700D41814 /* CustomTransition.m */; };
		CF6836141CF7664A00D41814 /* CustomConvertTransition.m in Sources */ = {isa = PBXBuildFile; fileRef = CF6836131CF7664A00D41814 /* CustomConvertTransition.m */; };
		CF6836161CF7E83700D41814 /* View.xib in Resources */ = {isa = PBXBuildFile; fileRef = CF6836151CF7E83700D41814 /* View.xib */; };
		CF68361B1CF80CD000D41814 /* SecondViewController.m in Sources */ = {isa = PBXBuildFile; fileRef = CF68361A1CF80CD000D41814 /* SecondViewController.m */; };
		CF6836221CF83F0B00D41814 /* InteractiveCardDemoView.m in Sources */ = {isa = PBXBuildFile; fileRef = CF6836211CF83F0B00D41814 /* InteractiveCardDemoView.m */; };
		CF8019EE1D06CF8D0009317B /* DynamicActionBlockDemoView.m in Sources */ = {isa = PBXBuildFile; fileRef = CF8019ED1D06CF8D0009317B /* DynamicActionBlockDemoView.m */; };
		CFA52EB11D05190100C65D2D /* UIImage+Custom.m in Sources */ = {isa = PBXBuildFile; fileRef = CFA52EB01D05190100C65D2D /* UIImage+Custom.m */; };
		CFA52EB41D05197F00C65D2D /* LTUtilPackage.m in Sources */ = {isa = PBXBuildFile; fileRef = CFA52EB31D05197F00C65D2D /* LTUtilPackage.m */; };
		CFC302F01C2694310071959A /* CircleDemoView.m in Sources */ = {isa = PBXBuildFile; fileRef = CFC302E01C2694310071959A /* CircleDemoView.m */; };
		CFC302F11C2694310071959A /* CircleLayer.m in Sources */ = {isa = PBXBuildFile; fileRef = CFC302E21C2694310071959A /* CircleLayer.m */; };
		CFC302F21C2694310071959A /* CurveDemoView.m in Sources */ = {isa = PBXBuildFile; fileRef = CFC302E51C2694310071959A /* CurveDemoView.m */; };
		CFC302F31C2694310071959A /* GooeySlideMenu.m in Sources */ = {isa = PBXBuildFile; fileRef = CFC302E81C2694310071959A /* GooeySlideMenu.m */; };
		CFC302F41C2694310071959A /* GooeySlideMenuDemoView.m in Sources */ = {isa = PBXBuildFile; fileRef = CFC302EA1C2694310071959A /* GooeySlideMenuDemoView.m */; };
		CFC302F51C2694310071959A /* SlideMenuButton.m in Sources */ = {isa = PBXBuildFile; fileRef = CFC302EC1C2694310071959A /* SlideMenuButton.m */; };
		CFC302F61C2694310071959A /* SplashAnimationDemoView.m in Sources */ = {isa = PBXBuildFile; fileRef = CFC302EF1C2694310071959A /* SplashAnimationDemoView.m */; };
		CFC302FD1C26956A0071959A /* KYPullToCurveView.m in Sources */ = {isa = PBXBuildFile; fileRef = CFC302FC1C26956A0071959A /* KYPullToCurveView.m */; };
		CFC303001C269AC70071959A /* KYPullToCurveView_footer.m in Sources */ = {isa = PBXBuildFile; fileRef = CFC302FF1C269AC70071959A /* KYPullToCurveView_footer.m */; };
		CFC303061C269DAF0071959A /* LabelView.m in Sources */ = {isa = PBXBuildFile; fileRef = CFC303051C269DAF0071959A /* LabelView.m */; };
		CFC303091C269FBD0071959A /* UIView+Convenient.m in Sources */ = {isa = PBXBuildFile; fileRef = CFC303081C269FBD0071959A /* UIView+Convenient.m */; };
		CFC3030F1C27B6980071959A /* CurveView.m in Sources */ = {isa = PBXBuildFile; fileRef = CFC3030E1C27B6980071959A /* CurveView.m */; };
		CFC303151C27B7B90071959A /* CurveLayer.m in Sources */ = {isa = PBXBuildFile; fileRef = CFC303141C27B7B90071959A /* CurveLayer.m */; };
/* End PBXBuildFile section */

/* Begin PBXContainerItemProxy section */
		CF65CE611C1ACE9F008D3DDD /* PBXContainerItemProxy */ = {
			isa = PBXContainerItemProxy;
			containerPortal = CF65CE3F1C1ACE9F008D3DDD /* Project object */;
			proxyType = 1;
			remoteGlobalIDString = CF65CE461C1ACE9F008D3DDD;
			remoteInfo = "Practices-Of-A-Guide-To-iOS-Animation";
		};
		CF65CE6C1C1ACE9F008D3DDD /* PBXContainerItemProxy */ = {
			isa = PBXContainerItemProxy;
			containerPortal = CF65CE3F1C1ACE9F008D3DDD /* Project object */;
			proxyType = 1;
			remoteGlobalIDString = CF65CE461C1ACE9F008D3DDD;
			remoteInfo = "Practices-Of-A-Guide-To-iOS-Animation";
		};
/* End PBXContainerItemProxy section */

/* Begin PBXFileReference section */
		CF0E797E1CFC6BEE00D83080 /* MCFireworksView.h */ = {isa = PBXFileReference; fileEncoding = 4; lastKnownFileType = sourcecode.c.h; name = MCFireworksView.h; path = MCFireworksButtonDemo/MCFireworksView.h; sourceTree = "<group>"; };
		CF0E797F1CFC6BEE00D83080 /* MCFireworksView.m */ = {isa = PBXFileReference; fileEncoding = 4; lastKnownFileType = sourcecode.c.objc; name = MCFireworksView.m; path = MCFireworksButtonDemo/MCFireworksView.m; sourceTree = "<group>"; };
		CF3841001D0D16C200811F7A /* SnowEffectsDemoView.h */ = {isa = PBXFileReference; fileEncoding = 4; lastKnownFileType = sourcecode.c.h; path = SnowEffectsDemoView.h; sourceTree = "<group>"; };
		CF3841011D0D16C200811F7A /* SnowEffectsDemoView.m */ = {isa = PBXFileReference; fileEncoding = 4; lastKnownFileType = sourcecode.c.objc; path = SnowEffectsDemoView.m; sourceTree = "<group>"; };
		CF3841041D0D1C9B00811F7A /* GooeyMenuDemoView.h */ = {isa = PBXFileReference; fileEncoding = 4; lastKnownFileType = sourcecode.c.h; path = GooeyMenuDemoView.h; sourceTree = "<group>"; };
		CF3841051D0D1C9B00811F7A /* GooeyMenuDemoView.m */ = {isa = PBXFileReference; fileEncoding = 4; lastKnownFileType = sourcecode.c.objc; path = GooeyMenuDemoView.m; sourceTree = "<group>"; };
		CF3841081D0D1D0800811F7A /* KYGooeyMenu.h */ = {isa = PBXFileReference; fileEncoding = 4; lastKnownFileType = sourcecode.c.h; path = KYGooeyMenu.h; sourceTree = "<group>"; };
		CF3841091D0D1D0800811F7A /* KYGooeyMenu.m */ = {isa = PBXFileReference; fileEncoding = 4; lastKnownFileType = sourcecode.c.objc; path = KYGooeyMenu.m; sourceTree = "<group>"; };
		CF38410B1D0D1D2800811F7A /* Menu.h */ = {isa = PBXFileReference; fileEncoding = 4; lastKnownFileType = sourcecode.c.h; path = Menu.h; sourceTree = "<group>"; };
		CF38410C1D0D1D2800811F7A /* Menu.m */ = {isa = PBXFileReference; fileEncoding = 4; lastKnownFileType = sourcecode.c.objc; path = Menu.m; sourceTree = "<group>"; };
		CF38410E1D0D1D4E00811F7A /* MenuLayer.h */ = {isa = PBXFileReference; fileEncoding = 4; lastKnownFileType = sourcecode.c.h; path = MenuLayer.h; sourceTree = "<group>"; };
		CF38410F1D0D1D4E00811F7A /* MenuLayer.m */ = {isa = PBXFileReference; fileEncoding = 4; lastKnownFileType = sourcecode.c.objc; path = MenuLayer.m; sourceTree = "<group>"; };
		CF3841111D0D1D8500811F7A /* KYSpringLayerAnimation.h */ = {isa = PBXFileReference; fileEncoding = 4; lastKnownFileType = sourcecode.c.h; path = KYSpringLayerAnimation.h; sourceTree = "<group>"; };
		CF3841121D0D1D8500811F7A /* KYSpringLayerAnimation.m */ = {isa = PBXFileReference; fileEncoding = 4; lastKnownFileType = sourcecode.c.objc; path = KYSpringLayerAnimation.m; sourceTree = "<group>"; };
		CF3841141D0D1D9C00811F7A /* Cross.h */ = {isa = PBXFileReference; fileEncoding = 4; lastKnownFileType = sourcecode.c.h; path = Cross.h; sourceTree = "<group>"; };
		CF3841151D0D1D9C00811F7A /* Cross.m */ = {isa = PBXFileReference; fileEncoding = 4; lastKnownFileType = sourcecode.c.objc; path = Cross.m; sourceTree = "<group>"; };
		CF3841191D0D64E000811F7A /* KYBubbleInteractiveTransition.h */ = {isa = PBXFileReference; fileEncoding = 4; lastKnownFileType = sourcecode.c.h; path = KYBubbleInteractiveTransition.h; sourceTree = "<group>"; };
		CF38411A1D0D64E000811F7A /* KYBubbleInteractiveTransition.m */ = {isa = PBXFileReference; fileEncoding = 4; lastKnownFileType = sourcecode.c.objc; path = KYBubbleInteractiveTransition.m; sourceTree = "<group>"; };
		CF38411B1D0D64E000811F7A /* KYBubbleTransition.h */ = {isa = PBXFileReference; fileEncoding = 4; lastKnownFileType = sourcecode.c.h; path = KYBubbleTransition.h; sourceTree = "<group>"; };
		CF38411C1D0D64E000811F7A /* KYBubbleTransition.m */ = {isa = PBXFileReference; fileEncoding = 4; lastKnownFileType = sourcecode.c.objc; path = KYBubbleTransition.m; sourceTree = "<group>"; };
		CF38411F1D0D657600811F7A /* BubbleTransitionView.h */ = {isa = PBXFileReference; fileEncoding = 4; lastKnownFileType = sourcecode.c.h; path = BubbleTransitionView.h; sourceTree = "<group>"; };
		CF3841201D0D657600811F7A /* BubbleTransitionView.m */ = {isa = PBXFileReference; fileEncoding = 4; lastKnownFileType = sourcecode.c.objc; path = BubbleTransitionView.m; sourceTree = "<group>"; };
		CF3A69C11D04186900F4013A /* JumpStarDemoView.h */ = {isa = PBXFileReference; fileEncoding = 4; lastKnownFileType = sourcecode.c.h; path = JumpStarDemoView.h; sourceTree = "<group>"; };
		CF3A69C21D04186900F4013A /* JumpStarDemoView.m */ = {isa = PBXFileReference; fileEncoding = 4; lastKnownFileType = sourcecode.c.objc; path = JumpStarDemoView.m; sourceTree = "<group>"; };
		CF496F0C1CF7075400FADEA7 /* LoadingHUDView.h */ = {isa = PBXFileReference; fileEncoding = 4; lastKnownFileType = sourcecode.c.h; name = LoadingHUDView.h; path = LoadingHUD/LoadingHUDView.h; sourceTree = "<group>"; };
		CF496F0D1CF7075400FADEA7 /* LoadingHUDView.m */ = {isa = PBXFileReference; fileEncoding = 4; lastKnownFileType = sourcecode.c.objc; name = LoadingHUDView.m; path = LoadingHUD/LoadingHUDView.m; sourceTree = "<group>"; };
		CF4B0D711CF9E34900045A42 /* MCFireworksButtonDemoView.h */ = {isa = PBXFileReference; fileEncoding = 4; lastKnownFileType = sourcecode.c.h; name = MCFireworksButtonDemoView.h; path = MCFireworksButtonDemo/MCFireworksButtonDemoView.h; sourceTree = "<group>"; };
		CF4B0D721CF9E34900045A42 /* MCFireworksButtonDemoView.m */ = {isa = PBXFileReference; fileEncoding = 4; lastKnownFileType = sourcecode.c.objc; name = MCFireworksButtonDemoView.m; path = MCFireworksButtonDemo/MCFireworksButtonDemoView.m; sourceTree = "<group>"; };
		CF4B0D741CF9E3B800045A42 /* MCFireworksButton.h */ = {isa = PBXFileReference; fileEncoding = 4; lastKnownFileType = sourcecode.c.h; path = MCFireworksButton.h; sourceTree = "<group>"; };
		CF4B0D751CF9E3B800045A42 /* MCFireworksButton.m */ = {isa = PBXFileReference; fileEncoding = 4; lastKnownFileType = sourcecode.c.objc; path = MCFireworksButton.m; sourceTree = "<group>"; };
		CF56601B1D067BF7007FB8C2 /* DownloadButtonDemoView.h */ = {isa = PBXFileReference; fileEncoding = 4; lastKnownFileType = sourcecode.c.h; path = DownloadButtonDemoView.h; sourceTree = "<group>"; };
		CF56601C1D067BF7007FB8C2 /* DownloadButtonDemoView.m */ = {isa = PBXFileReference; fileEncoding = 4; lastKnownFileType = sourcecode.c.objc; path = DownloadButtonDemoView.m; sourceTree = "<group>"; };
		CF56601E1D067C51007FB8C2 /* DownButton.h */ = {isa = PBXFileReference; fileEncoding = 4; lastKnownFileType = sourcecode.c.h; path = DownButton.h; sourceTree = "<group>"; };
		CF56601F1D067C51007FB8C2 /* DownButton.m */ = {isa = PBXFileReference; fileEncoding = 4; lastKnownFileType = sourcecode.c.objc; path = DownButton.m; sourceTree = "<group>"; };
		CF65CE471C1ACE9F008D3DDD /* Practices-Of-A-Guide-To-iOS-Animation.app */ = {isa = PBXFileReference; explicitFileType = wrapper.application; includeInIndex = 0; path = "Practices-Of-A-Guide-To-iOS-Animation.app"; sourceTree = BUILT_PRODUCTS_DIR; };
		CF65CE4B1C1ACE9F008D3DDD /* main.m */ = {isa = PBXFileReference; lastKnownFileType = sourcecode.c.objc; path = main.m; sourceTree = "<group>"; };
		CF65CE4D1C1ACE9F008D3DDD /* AppDelegate.h */ = {isa = PBXFileReference; lastKnownFileType = sourcecode.c.h; path = AppDelegate.h; sourceTree = "<group>"; };
		CF65CE4E1C1ACE9F008D3DDD /* AppDelegate.m */ = {isa = PBXFileReference; lastKnownFileType = sourcecode.c.objc; path = AppDelegate.m; sourceTree = "<group>"; };
		CF65CE501C1ACE9F008D3DDD /* ViewController.h */ = {isa = PBXFileReference; lastKnownFileType = sourcecode.c.h; path = ViewController.h; sourceTree = "<group>"; };
		CF65CE511C1ACE9F008D3DDD /* ViewController.m */ = {isa = PBXFileReference; lastKnownFileType = sourcecode.c.objc; path = ViewController.m; sourceTree = "<group>"; };
		CF65CE541C1ACE9F008D3DDD /* Base */ = {isa = PBXFileReference; lastKnownFileType = file.storyboard; name = Base; path = Base.lproj/Main.storyboard; sourceTree = "<group>"; };
		CF65CE561C1ACE9F008D3DDD /* Assets.xcassets */ = {isa = PBXFileReference; lastKnownFileType = folder.assetcatalog; path = Assets.xcassets; sourceTree = "<group>"; };
		CF65CE591C1ACE9F008D3DDD /* Base */ = {isa = PBXFileReference; lastKnownFileType = file.storyboard; name = Base; path = Base.lproj/LaunchScreen.storyboard; sourceTree = "<group>"; };
		CF65CE5B1C1ACE9F008D3DDD /* Info.plist */ = {isa = PBXFileReference; lastKnownFileType = text.plist.xml; path = Info.plist; sourceTree = "<group>"; };
		CF65CE601C1ACE9F008D3DDD /* Practices-Of-A-Guide-To-iOS-AnimationTests.xctest */ = {isa = PBXFileReference; explicitFileType = wrapper.cfbundle; includeInIndex = 0; path = "Practices-Of-A-Guide-To-iOS-AnimationTests.xctest"; sourceTree = BUILT_PRODUCTS_DIR; };
		CF65CE641C1ACE9F008D3DDD /* Practices_Of_A_Guide_To_iOS_AnimationTests.m */ = {isa = PBXFileReference; lastKnownFileType = sourcecode.c.objc; path = Practices_Of_A_Guide_To_iOS_AnimationTests.m; sourceTree = "<group>"; };
		CF65CE661C1ACE9F008D3DDD /* Info.plist */ = {isa = PBXFileReference; lastKnownFileType = text.plist.xml; path = Info.plist; sourceTree = "<group>"; };
		CF65CE6B1C1ACE9F008D3DDD /* Practices-Of-A-Guide-To-iOS-AnimationUITests.xctest */ = {isa = PBXFileReference; explicitFileType = wrapper.cfbundle; includeInIndex = 0; path = "Practices-Of-A-Guide-To-iOS-AnimationUITests.xctest"; sourceTree = BUILT_PRODUCTS_DIR; };
		CF65CE6F1C1ACE9F008D3DDD /* Practices_Of_A_Guide_To_iOS_AnimationUITests.m */ = {isa = PBXFileReference; lastKnownFileType = sourcecode.c.objc; path = Practices_Of_A_Guide_To_iOS_AnimationUITests.m; sourceTree = "<group>"; };
		CF65CE711C1ACE9F008D3DDD /* Info.plist */ = {isa = PBXFileReference; lastKnownFileType = text.plist.xml; path = Info.plist; sourceTree = "<group>"; };
		CF65CE841C1AEDDC008D3DDD /* LTDisplayVC.h */ = {isa = PBXFileReference; fileEncoding = 4; lastKnownFileType = sourcecode.c.h; path = LTDisplayVC.h; sourceTree = "<group>"; };
		CF65CE851C1AEDDC008D3DDD /* LTDisplayVC.m */ = {isa = PBXFileReference; fileEncoding = 4; lastKnownFileType = sourcecode.c.objc; path = LTDisplayVC.m; sourceTree = "<group>"; };
		CF65CE8B1C1BC91A008D3DDD /* ParentView.h */ = {isa = PBXFileReference; fileEncoding = 4; lastKnownFileType = sourcecode.c.h; path = ParentView.h; sourceTree = "<group>"; };
		CF65CE8C1C1BC91A008D3DDD /* ParentView.m */ = {isa = PBXFileReference; fileEncoding = 4; lastKnownFileType = sourcecode.c.objc; path = ParentView.m; sourceTree = "<group>"; };
		CF65CE8E1C1BCA14008D3DDD /* PrefixHeader.pch */ = {isa = PBXFileReference; lastKnownFileType = sourcecode.c.h; path = PrefixHeader.pch; sourceTree = "<group>"; };
		CF6836071CF7397200D41814 /* PingTransitionDemoView.h */ = {isa = PBXFileReference; fileEncoding = 4; lastKnownFileType = sourcecode.c.h; name = PingTransitionDemoView.h; path = PingTransition/PingTransitionDemoView.h; sourceTree = "<group>"; };
		CF6836081CF7397200D41814 /* PingTransitionDemoView.m */ = {isa = PBXFileReference; fileEncoding = 4; lastKnownFileType = sourcecode.c.objc; name = PingTransitionDemoView.m; path = PingTransition/PingTransitionDemoView.m; sourceTree = "<group>"; };
		CF68360A1CF73D9700D41814 /* CustomTransition.h */ = {isa = PBXFileReference; fileEncoding = 4; lastKnownFileType = sourcecode.c.h; name = CustomTransition.h; path = PingTransition/CustomTransition.h; sourceTree = "<group>"; };
		CF68360B1CF73D9700D41814 /* CustomTransition.m */ = {isa = PBXFileReference; fileEncoding = 4; lastKnownFileType = sourcecode.c.objc; name = CustomTransition.m; path = PingTransition/CustomTransition.m; sourceTree = "<group>"; };
		CF6836121CF7664A00D41814 /* CustomConvertTransition.h */ = {isa = PBXFileReference; fileEncoding = 4; lastKnownFileType = sourcecode.c.h; path = CustomConvertTransition.h; sourceTree = "<group>"; };
		CF6836131CF7664A00D41814 /* CustomConvertTransition.m */ = {isa = PBXFileReference; fileEncoding = 4; lastKnownFileType = sourcecode.c.objc; path = CustomConvertTransition.m; sourceTree = "<group>"; };
		CF6836151CF7E83700D41814 /* View.xib */ = {isa = PBXFileReference; fileEncoding = 4; lastKnownFileType = file.xib; path = View.xib; sourceTree = "<group>"; };
		CF6836191CF80CD000D41814 /* SecondViewController.h */ = {isa = PBXFileReference; fileEncoding = 4; lastKnownFileType = sourcecode.c.h; name = SecondViewController.h; path = PingTransition/SecondViewController.h; sourceTree = "<group>"; };
		CF68361A1CF80CD000D41814 /* SecondViewController.m */ = {isa = PBXFileReference; fileEncoding = 4; lastKnownFileType = sourcecode.c.objc; name = SecondViewController.m; path = PingTransition/SecondViewController.m; sourceTree = "<group>"; };
		CF6836201CF83F0B00D41814 /* InteractiveCardDemoView.h */ = {isa = PBXFileReference; fileEncoding = 4; lastKnownFileType = sourcecode.c.h; path = InteractiveCardDemoView.h; sourceTree = "<group>"; };
		CF6836211CF83F0B00D41814 /* InteractiveCardDemoView.m */ = {isa = PBXFileReference; fileEncoding = 4; lastKnownFileType = sourcecode.c.objc; path = InteractiveCardDemoView.m; sourceTree = "<group>"; };
		CF8019EC1D06CF8D0009317B /* DynamicActionBlockDemoView.h */ = {isa = PBXFileReference; fileEncoding = 4; lastKnownFileType = sourcecode.c.h; path = DynamicActionBlockDemoView.h; sourceTree = "<group>"; };
		CF8019ED1D06CF8D0009317B /* DynamicActionBlockDemoView.m */ = {isa = PBXFileReference; fileEncoding = 4; lastKnownFileType = sourcecode.c.objc; path = DynamicActionBlockDemoView.m; sourceTree = "<group>"; };
		CFA52EAF1D05190100C65D2D /* UIImage+Custom.h */ = {isa = PBXFileReference; fileEncoding = 4; lastKnownFileType = sourcecode.c.h; name = "UIImage+Custom.h"; path = "Practices-Of-A-Guide-To-iOS-Animation/Utils/UIImage+Custom.h"; sourceTree = "<group>"; };
		CFA52EB01D05190100C65D2D /* UIImage+Custom.m */ = {isa = PBXFileReference; fileEncoding = 4; lastKnownFileType = sourcecode.c.objc; name = "UIImage+Custom.m"; path = "Practices-Of-A-Guide-To-iOS-Animation/Utils/UIImage+Custom.m"; sourceTree = "<group>"; };
		CFA52EB21D05197F00C65D2D /* LTUtilPackage.h */ = {isa = PBXFileReference; fileEncoding = 4; lastKnownFileType = sourcecode.c.h; name = LTUtilPackage.h; path = "Practices-Of-A-Guide-To-iOS-Animation/Utils/LTUtilPackage.h"; sourceTree = "<group>"; };
		CFA52EB31D05197F00C65D2D /* LTUtilPackage.m */ = {isa = PBXFileReference; fileEncoding = 4; lastKnownFileType = sourcecode.c.objc; name = LTUtilPackage.m; path = "Practices-Of-A-Guide-To-iOS-Animation/Utils/LTUtilPackage.m"; sourceTree = "<group>"; };
		CFC302DF1C2694310071959A /* CircleDemoView.h */ = {isa = PBXFileReference; fileEncoding = 4; lastKnownFileType = sourcecode.c.h; path = CircleDemoView.h; sourceTree = "<group>"; };
		CFC302E01C2694310071959A /* CircleDemoView.m */ = {isa = PBXFileReference; fileEncoding = 4; lastKnownFileType = sourcecode.c.objc; path = CircleDemoView.m; sourceTree = "<group>"; };
		CFC302E11C2694310071959A /* CircleLayer.h */ = {isa = PBXFileReference; fileEncoding = 4; lastKnownFileType = sourcecode.c.h; path = CircleLayer.h; sourceTree = "<group>"; };
		CFC302E21C2694310071959A /* CircleLayer.m */ = {isa = PBXFileReference; fileEncoding = 4; lastKnownFileType = sourcecode.c.objc; path = CircleLayer.m; sourceTree = "<group>"; };
		CFC302E41C2694310071959A /* CurveDemoView.h */ = {isa = PBXFileReference; fileEncoding = 4; lastKnownFileType = sourcecode.c.h; path = CurveDemoView.h; sourceTree = "<group>"; };
		CFC302E51C2694310071959A /* CurveDemoView.m */ = {isa = PBXFileReference; fileEncoding = 4; lastKnownFileType = sourcecode.c.objc; path = CurveDemoView.m; sourceTree = "<group>"; };
		CFC302E71C2694310071959A /* GooeySlideMenu.h */ = {isa = PBXFileReference; fileEncoding = 4; lastKnownFileType = sourcecode.c.h; path = GooeySlideMenu.h; sourceTree = "<group>"; };
		CFC302E81C2694310071959A /* GooeySlideMenu.m */ = {isa = PBXFileReference; fileEncoding = 4; lastKnownFileType = sourcecode.c.objc; path = GooeySlideMenu.m; sourceTree = "<group>"; };
		CFC302E91C2694310071959A /* GooeySlideMenuDemoView.h */ = {isa = PBXFileReference; fileEncoding = 4; lastKnownFileType = sourcecode.c.h; path = GooeySlideMenuDemoView.h; sourceTree = "<group>"; };
		CFC302EA1C2694310071959A /* GooeySlideMenuDemoView.m */ = {isa = PBXFileReference; fileEncoding = 4; lastKnownFileType = sourcecode.c.objc; path = GooeySlideMenuDemoView.m; sourceTree = "<group>"; };
		CFC302EB1C2694310071959A /* SlideMenuButton.h */ = {isa = PBXFileReference; fileEncoding = 4; lastKnownFileType = sourcecode.c.h; path = SlideMenuButton.h; sourceTree = "<group>"; };
		CFC302EC1C2694310071959A /* SlideMenuButton.m */ = {isa = PBXFileReference; fileEncoding = 4; lastKnownFileType = sourcecode.c.objc; path = SlideMenuButton.m; sourceTree = "<group>"; };
		CFC302EE1C2694310071959A /* SplashAnimationDemoView.h */ = {isa = PBXFileReference; fileEncoding = 4; lastKnownFileType = sourcecode.c.h; path = SplashAnimationDemoView.h; sourceTree = "<group>"; };
		CFC302EF1C2694310071959A /* SplashAnimationDemoView.m */ = {isa = PBXFileReference; fileEncoding = 4; lastKnownFileType = sourcecode.c.objc; path = SplashAnimationDemoView.m; sourceTree = "<group>"; };
		CFC302FB1C26956A0071959A /* KYPullToCurveView.h */ = {isa = PBXFileReference; fileEncoding = 4; lastKnownFileType = sourcecode.c.h; path = KYPullToCurveView.h; sourceTree = "<group>"; };
		CFC302FC1C26956A0071959A /* KYPullToCurveView.m */ = {isa = PBXFileReference; fileEncoding = 4; lastKnownFileType = sourcecode.c.objc; path = KYPullToCurveView.m; sourceTree = "<group>"; };
		CFC302FE1C269AC70071959A /* KYPullToCurveView_footer.h */ = {isa = PBXFileReference; fileEncoding = 4; lastKnownFileType = sourcecode.c.h; path = KYPullToCurveView_footer.h; sourceTree = "<group>"; };
		CFC302FF1C269AC70071959A /* KYPullToCurveView_footer.m */ = {isa = PBXFileReference; fileEncoding = 4; lastKnownFileType = sourcecode.c.objc; path = KYPullToCurveView_footer.m; sourceTree = "<group>"; };
		CFC303041C269DAF0071959A /* LabelView.h */ = {isa = PBXFileReference; fileEncoding = 4; lastKnownFileType = sourcecode.c.h; path = LabelView.h; sourceTree = "<group>"; };
		CFC303051C269DAF0071959A /* LabelView.m */ = {isa = PBXFileReference; fileEncoding = 4; lastKnownFileType = sourcecode.c.objc; path = LabelView.m; sourceTree = "<group>"; };
		CFC303071C269FBD0071959A /* UIView+Convenient.h */ = {isa = PBXFileReference; fileEncoding = 4; lastKnownFileType = sourcecode.c.h; path = "UIView+Convenient.h"; sourceTree = "<group>"; };
		CFC303081C269FBD0071959A /* UIView+Convenient.m */ = {isa = PBXFileReference; fileEncoding = 4; lastKnownFileType = sourcecode.c.objc; path = "UIView+Convenient.m"; sourceTree = "<group>"; };
		CFC3030D1C27B6980071959A /* CurveView.h */ = {isa = PBXFileReference; fileEncoding = 4; lastKnownFileType = sourcecode.c.h; path = CurveView.h; sourceTree = "<group>"; };
		CFC3030E1C27B6980071959A /* CurveView.m */ = {isa = PBXFileReference; fileEncoding = 4; lastKnownFileType = sourcecode.c.objc; path = CurveView.m; sourceTree = "<group>"; };
		CFC303131C27B7B90071959A /* CurveLayer.h */ = {isa = PBXFileReference; fileEncoding = 4; lastKnownFileType = sourcecode.c.h; path = CurveLayer.h; sourceTree = "<group>"; };
		CFC303141C27B7B90071959A /* CurveLayer.m */ = {isa = PBXFileReference; fileEncoding = 4; lastKnownFileType = sourcecode.c.objc; path = CurveLayer.m; sourceTree = "<group>"; };
/* End PBXFileReference section */

/* Begin PBXFrameworksBuildPhase section */
		CF65CE441C1ACE9F008D3DDD /* Frameworks */ = {
			isa = PBXFrameworksBuildPhase;
			buildActionMask = 2147483647;
			files = (
			);
			runOnlyForDeploymentPostprocessing = 0;
		};
		CF65CE5D1C1ACE9F008D3DDD /* Frameworks */ = {
			isa = PBXFrameworksBuildPhase;
			buildActionMask = 2147483647;
			files = (
			);
			runOnlyForDeploymentPostprocessing = 0;
		};
		CF65CE681C1ACE9F008D3DDD /* Frameworks */ = {
			isa = PBXFrameworksBuildPhase;
			buildActionMask = 2147483647;
			files = (
			);
			runOnlyForDeploymentPostprocessing = 0;
		};
/* End PBXFrameworksBuildPhase section */

/* Begin PBXGroup section */
		CF0771B01CF71D2F00580B94 /* PingTransition */ = {
			isa = PBXGroup;
			children = (
				CF6836071CF7397200D41814 /* PingTransitionDemoView.h */,
				CF6836081CF7397200D41814 /* PingTransitionDemoView.m */,
				CF68360A1CF73D9700D41814 /* CustomTransition.h */,
				CF68360B1CF73D9700D41814 /* CustomTransition.m */,
				CF6836121CF7664A00D41814 /* CustomConvertTransition.h */,
				CF6836131CF7664A00D41814 /* CustomConvertTransition.m */,
				CF6836191CF80CD000D41814 /* SecondViewController.h */,
				CF68361A1CF80CD000D41814 /* SecondViewController.m */,
				CF6836151CF7E83700D41814 /* View.xib */,
			);
			name = PingTransition;
			sourceTree = "<group>";
		};
		CF3840FF1D0D169D00811F7A /* SnowEffectDemo */ = {
			isa = PBXGroup;
			children = (
				CF3841001D0D16C200811F7A /* SnowEffectsDemoView.h */,
				CF3841011D0D16C200811F7A /* SnowEffectsDemoView.m */,
			);
			path = SnowEffectDemo;
			sourceTree = "<group>";
		};
		CF3841031D0D1C5F00811F7A /* KYCooeyMenu */ = {
			isa = PBXGroup;
			children = (
				CF3841041D0D1C9B00811F7A /* GooeyMenuDemoView.h */,
				CF3841051D0D1C9B00811F7A /* GooeyMenuDemoView.m */,
				CF3841071D0D1CB500811F7A /* Classes */,
			);
			name = KYCooeyMenu;
			path = KYCooeyMenuView;
			sourceTree = "<group>";
		};
		CF3841071D0D1CB500811F7A /* Classes */ = {
			isa = PBXGroup;
			children = (
				CF3841081D0D1D0800811F7A /* KYGooeyMenu.h */,
				CF3841091D0D1D0800811F7A /* KYGooeyMenu.m */,
				CF38410B1D0D1D2800811F7A /* Menu.h */,
				CF38410C1D0D1D2800811F7A /* Menu.m */,
				CF38410E1D0D1D4E00811F7A /* MenuLayer.h */,
				CF38410F1D0D1D4E00811F7A /* MenuLayer.m */,
				CF3841111D0D1D8500811F7A /* KYSpringLayerAnimation.h */,
				CF3841121D0D1D8500811F7A /* KYSpringLayerAnimation.m */,
				CF3841141D0D1D9C00811F7A /* Cross.h */,
				CF3841151D0D1D9C00811F7A /* Cross.m */,
			);
			name = Classes;
			sourceTree = "<group>";
		};
		CF3841181D0D64C800811F7A /* KYBubbleTransition */ = {
			isa = PBXGroup;
			children = (
				CF38411F1D0D657600811F7A /* BubbleTransitionView.h */,
				CF3841201D0D657600811F7A /* BubbleTransitionView.m */,
				CF3841191D0D64E000811F7A /* KYBubbleInteractiveTransition.h */,
				CF38411A1D0D64E000811F7A /* KYBubbleInteractiveTransition.m */,
				CF38411B1D0D64E000811F7A /* KYBubbleTransition.h */,
				CF38411C1D0D64E000811F7A /* KYBubbleTransition.m */,
			);
			path = KYBubbleTransition;
			sourceTree = "<group>";
		};
		CF3A69C01D04182F00F4013A /* JumpStartDemoView */ = {
			isa = PBXGroup;
			children = (
				CF3A69C11D04186900F4013A /* JumpStarDemoView.h */,
				CF3A69C21D04186900F4013A /* JumpStarDemoView.m */,
			);
			path = JumpStartDemoView;
			sourceTree = "<group>";
		};
		CF496F0B1CF706BD00FADEA7 /* LoadingHud */ = {
			isa = PBXGroup;
			children = (
				CF496F0C1CF7075400FADEA7 /* LoadingHUDView.h */,
				CF496F0D1CF7075400FADEA7 /* LoadingHUDView.m */,
			);
			name = LoadingHud;
			sourceTree = "<group>";
		};
		CF4B0D6E1CF9E29600045A42 /* MCFireworksButtonDemo */ = {
			isa = PBXGroup;
			children = (
				CF4B0D711CF9E34900045A42 /* MCFireworksButtonDemoView.h */,
				CF4B0D721CF9E34900045A42 /* MCFireworksButtonDemoView.m */,
				CF4B0D741CF9E3B800045A42 /* MCFireworksButton.h */,
				CF4B0D751CF9E3B800045A42 /* MCFireworksButton.m */,
				CF0E797E1CFC6BEE00D83080 /* MCFireworksView.h */,
				CF0E797F1CFC6BEE00D83080 /* MCFireworksView.m */,
			);
			name = MCFireworksButtonDemo;
			sourceTree = "<group>";
		};
		CF56601A1D067BCF007FB8C2 /* DownLoadButton */ = {
			isa = PBXGroup;
			children = (
				CF56601B1D067BF7007FB8C2 /* DownloadButtonDemoView.h */,
				CF56601C1D067BF7007FB8C2 /* DownloadButtonDemoView.m */,
				CF56601E1D067C51007FB8C2 /* DownButton.h */,
				CF56601F1D067C51007FB8C2 /* DownButton.m */,
			);
			path = DownLoadButton;
			sourceTree = "<group>";
		};
		CF65CE3E1C1ACE9F008D3DDD = {
			isa = PBXGroup;
			children = (
				CF65CE491C1ACE9F008D3DDD /* Practices-Of-A-Guide-To-iOS-Animation */,
				CF65CE631C1ACE9F008D3DDD /* Practices-Of-A-Guide-To-iOS-AnimationTests */,
				CF65CE6E1C1ACE9F008D3DDD /* Practices-Of-A-Guide-To-iOS-AnimationUITests */,
				CF65CE481C1ACE9F008D3DDD /* Products */,
			);
			sourceTree = "<group>";
		};
		CF65CE481C1ACE9F008D3DDD /* Products */ = {
			isa = PBXGroup;
			children = (
				CF65CE471C1ACE9F008D3DDD /* Practices-Of-A-Guide-To-iOS-Animation.app */,
				CF65CE601C1ACE9F008D3DDD /* Practices-Of-A-Guide-To-iOS-AnimationTests.xctest */,
				CF65CE6B1C1ACE9F008D3DDD /* Practices-Of-A-Guide-To-iOS-AnimationUITests.xctest */,
			);
			name = Products;
			sourceTree = "<group>";
		};
		CF65CE491C1ACE9F008D3DDD /* Practices-Of-A-Guide-To-iOS-Animation */ = {
			isa = PBXGroup;
			children = (
				CF65CE4B1C1ACE9F008D3DDD /* main.m */,
				CF65CE8E1C1BCA14008D3DDD /* PrefixHeader.pch */,
				CF65CE4D1C1ACE9F008D3DDD /* AppDelegate.h */,
				CF65CE4E1C1ACE9F008D3DDD /* AppDelegate.m */,
				CF65CE561C1ACE9F008D3DDD /* Assets.xcassets */,
				CF65CE581C1ACE9F008D3DDD /* LaunchScreen.storyboard */,
				CF65CE5B1C1ACE9F008D3DDD /* Info.plist */,
				CFDF7AD51C1E722200E248A0 /* MainVC */,
				CF65CE801C1AD0E8008D3DDD /* Utilities */,
				CF65CE4A1C1ACE9F008D3DDD /* Supporting Files */,
			);
			path = "Practices-Of-A-Guide-To-iOS-Animation";
			sourceTree = "<group>";
		};
		CF65CE4A1C1ACE9F008D3DDD /* Supporting Files */ = {
			isa = PBXGroup;
			children = (
			);
			name = "Supporting Files";
			sourceTree = "<group>";
		};
		CF65CE631C1ACE9F008D3DDD /* Practices-Of-A-Guide-To-iOS-AnimationTests */ = {
			isa = PBXGroup;
			children = (
				CF65CE641C1ACE9F008D3DDD /* Practices_Of_A_Guide_To_iOS_AnimationTests.m */,
				CF65CE661C1ACE9F008D3DDD /* Info.plist */,
			);
			path = "Practices-Of-A-Guide-To-iOS-AnimationTests";
			sourceTree = "<group>";
		};
		CF65CE6E1C1ACE9F008D3DDD /* Practices-Of-A-Guide-To-iOS-AnimationUITests */ = {
			isa = PBXGroup;
			children = (
				CF65CE6F1C1ACE9F008D3DDD /* Practices_Of_A_Guide_To_iOS_AnimationUITests.m */,
				CF65CE711C1ACE9F008D3DDD /* Info.plist */,
			);
			path = "Practices-Of-A-Guide-To-iOS-AnimationUITests";
			sourceTree = "<group>";
		};
		CF65CE801C1AD0E8008D3DDD /* Utilities */ = {
			isa = PBXGroup;
			children = (
				CFA52EAF1D05190100C65D2D /* UIImage+Custom.h */,
				CFA52EB01D05190100C65D2D /* UIImage+Custom.m */,
				CFA52EB21D05197F00C65D2D /* LTUtilPackage.h */,
				CFA52EB31D05197F00C65D2D /* LTUtilPackage.m */,
			);
			name = Utilities;
			path = ..;
			sourceTree = "<group>";
		};
		CF65CE871C1AEF80008D3DDD /* AnimationViews */ = {
			isa = PBXGroup;
			children = (
				CF65CE8B1C1BC91A008D3DDD /* ParentView.h */,
				CF65CE8C1C1BC91A008D3DDD /* ParentView.m */,
			);
			name = AnimationViews;
			sourceTree = "<group>";
		};
		CF68361F1CF83EC100D41814 /* InteractiveCardDemo */ = {
			isa = PBXGroup;
			children = (
				CF6836201CF83F0B00D41814 /* InteractiveCardDemoView.h */,
				CF6836211CF83F0B00D41814 /* InteractiveCardDemoView.m */,
			);
			name = InteractiveCardDemo;
			sourceTree = "<group>";
		};
		CF8019EB1D06CF670009317B /* DynamicActionBlockDemo */ = {
			isa = PBXGroup;
			children = (
				CF8019EC1D06CF8D0009317B /* DynamicActionBlockDemoView.h */,
				CF8019ED1D06CF8D0009317B /* DynamicActionBlockDemoView.m */,
			);
			path = DynamicActionBlockDemo;
			sourceTree = "<group>";
		};
		CFC302DE1C2694310071959A /* CircleDemo */ = {
			isa = PBXGroup;
			children = (
				CFC302DF1C2694310071959A /* CircleDemoView.h */,
				CFC302E01C2694310071959A /* CircleDemoView.m */,
				CFC302E11C2694310071959A /* CircleLayer.h */,
				CFC302E21C2694310071959A /* CircleLayer.m */,
			);
			path = CircleDemo;
			sourceTree = "<group>";
		};
		CFC302E31C2694310071959A /* CurveDemoView */ = {
			isa = PBXGroup;
			children = (
				CFC302E41C2694310071959A /* CurveDemoView.h */,
				CFC302E51C2694310071959A /* CurveDemoView.m */,
				CFC302FA1C26956A0071959A /* KYPullToCurveView */,
			);
			path = CurveDemoView;
			sourceTree = "<group>";
		};
		CFC302E61C2694310071959A /* GooeySlideMenuDemo */ = {
			isa = PBXGroup;
			children = (
				CFC302E71C2694310071959A /* GooeySlideMenu.h */,
				CFC302E81C2694310071959A /* GooeySlideMenu.m */,
				CFC302E91C2694310071959A /* GooeySlideMenuDemoView.h */,
				CFC302EA1C2694310071959A /* GooeySlideMenuDemoView.m */,
				CFC302EB1C2694310071959A /* SlideMenuButton.h */,
				CFC302EC1C2694310071959A /* SlideMenuButton.m */,
			);
			path = GooeySlideMenuDemo;
			sourceTree = "<group>";
		};
		CFC302ED1C2694310071959A /* SplashAnimationDemo */ = {
			isa = PBXGroup;
			children = (
				CFC302EE1C2694310071959A /* SplashAnimationDemoView.h */,
				CFC302EF1C2694310071959A /* SplashAnimationDemoView.m */,
			);
			path = SplashAnimationDemo;
			sourceTree = "<group>";
		};
		CFC302FA1C26956A0071959A /* KYPullToCurveView */ = {
			isa = PBXGroup;
			children = (
				CFC302FB1C26956A0071959A /* KYPullToCurveView.h */,
				CFC302FC1C26956A0071959A /* KYPullToCurveView.m */,
				CFC302FE1C269AC70071959A /* KYPullToCurveView_footer.h */,
				CFC302FF1C269AC70071959A /* KYPullToCurveView_footer.m */,
				CFC303011C269D840071959A /* CurveView */,
				CFC303021C269D840071959A /* Helper */,
				CFC303031C269D840071959A /* LabelView */,
			);
			path = KYPullToCurveView;
			sourceTree = "<group>";
		};
		CFC303011C269D840071959A /* CurveView */ = {
			isa = PBXGroup;
			children = (
				CFC3030D1C27B6980071959A /* CurveView.h */,
				CFC3030E1C27B6980071959A /* CurveView.m */,
				CFC303131C27B7B90071959A /* CurveLayer.h */,
				CFC303141C27B7B90071959A /* CurveLayer.m */,
			);
			path = CurveView;
			sourceTree = "<group>";
		};
		CFC303021C269D840071959A /* Helper */ = {
			isa = PBXGroup;
			children = (
				CFC303071C269FBD0071959A /* UIView+Convenient.h */,
				CFC303081C269FBD0071959A /* UIView+Convenient.m */,
			);
			path = Helper;
			sourceTree = "<group>";
		};
		CFC303031C269D840071959A /* LabelView */ = {
			isa = PBXGroup;
			children = (
				CFC303041C269DAF0071959A /* LabelView.h */,
				CFC303051C269DAF0071959A /* LabelView.m */,
			);
			path = LabelView;
			sourceTree = "<group>";
		};
		CFDF7AD51C1E722200E248A0 /* MainVC */ = {
			isa = PBXGroup;
			children = (
				CF3841181D0D64C800811F7A /* KYBubbleTransition */,
				CF3841031D0D1C5F00811F7A /* KYCooeyMenu */,
				CF3840FF1D0D169D00811F7A /* SnowEffectDemo */,
				CF8019EB1D06CF670009317B /* DynamicActionBlockDemo */,
				CF56601A1D067BCF007FB8C2 /* DownLoadButton */,
				CF3A69C01D04182F00F4013A /* JumpStartDemoView */,
				CF4B0D6E1CF9E29600045A42 /* MCFireworksButtonDemo */,
				CF68361F1CF83EC100D41814 /* InteractiveCardDemo */,
				CF0771B01CF71D2F00580B94 /* PingTransition */,
				CF496F0B1CF706BD00FADEA7 /* LoadingHud */,
				CFC302DE1C2694310071959A /* CircleDemo */,
				CFC302E31C2694310071959A /* CurveDemoView */,
				CFC302E61C2694310071959A /* GooeySlideMenuDemo */,
				CFC302ED1C2694310071959A /* SplashAnimationDemo */,
				CF65CE871C1AEF80008D3DDD /* AnimationViews */,
				CF65CE501C1ACE9F008D3DDD /* ViewController.h */,
				CF65CE511C1ACE9F008D3DDD /* ViewController.m */,
				CF65CE531C1ACE9F008D3DDD /* Main.storyboard */,
				CF65CE841C1AEDDC008D3DDD /* LTDisplayVC.h */,
				CF65CE851C1AEDDC008D3DDD /* LTDisplayVC.m */,
			);
			name = MainVC;
			sourceTree = "<group>";
		};
/* End PBXGroup section */

/* Begin PBXNativeTarget section */
		CF65CE461C1ACE9F008D3DDD /* Practices-Of-A-Guide-To-iOS-Animation */ = {
			isa = PBXNativeTarget;
			buildConfigurationList = CF65CE741C1ACE9F008D3DDD /* Build configuration list for PBXNativeTarget "Practices-Of-A-Guide-To-iOS-Animation" */;
			buildPhases = (
				CF65CE431C1ACE9F008D3DDD /* Sources */,
				CF65CE441C1ACE9F008D3DDD /* Frameworks */,
				CF65CE451C1ACE9F008D3DDD /* Resources */,
			);
			buildRules = (
			);
			dependencies = (
			);
			name = "Practices-Of-A-Guide-To-iOS-Animation";
			productName = "Practices-Of-A-Guide-To-iOS-Animation";
			productReference = CF65CE471C1ACE9F008D3DDD /* Practices-Of-A-Guide-To-iOS-Animation.app */;
			productType = "com.apple.product-type.application";
		};
		CF65CE5F1C1ACE9F008D3DDD /* Practices-Of-A-Guide-To-iOS-AnimationTests */ = {
			isa = PBXNativeTarget;
			buildConfigurationList = CF65CE771C1ACE9F008D3DDD /* Build configuration list for PBXNativeTarget "Practices-Of-A-Guide-To-iOS-AnimationTests" */;
			buildPhases = (
				CF65CE5C1C1ACE9F008D3DDD /* Sources */,
				CF65CE5D1C1ACE9F008D3DDD /* Frameworks */,
				CF65CE5E1C1ACE9F008D3DDD /* Resources */,
			);
			buildRules = (
			);
			dependencies = (
				CF65CE621C1ACE9F008D3DDD /* PBXTargetDependency */,
			);
			name = "Practices-Of-A-Guide-To-iOS-AnimationTests";
			productName = "Practices-Of-A-Guide-To-iOS-AnimationTests";
			productReference = CF65CE601C1ACE9F008D3DDD /* Practices-Of-A-Guide-To-iOS-AnimationTests.xctest */;
			productType = "com.apple.product-type.bundle.unit-test";
		};
		CF65CE6A1C1ACE9F008D3DDD /* Practices-Of-A-Guide-To-iOS-AnimationUITests */ = {
			isa = PBXNativeTarget;
			buildConfigurationList = CF65CE7A1C1ACE9F008D3DDD /* Build configuration list for PBXNativeTarget "Practices-Of-A-Guide-To-iOS-AnimationUITests" */;
			buildPhases = (
				CF65CE671C1ACE9F008D3DDD /* Sources */,
				CF65CE681C1ACE9F008D3DDD /* Frameworks */,
				CF65CE691C1ACE9F008D3DDD /* Resources */,
			);
			buildRules = (
			);
			dependencies = (
				CF65CE6D1C1ACE9F008D3DDD /* PBXTargetDependency */,
			);
			name = "Practices-Of-A-Guide-To-iOS-AnimationUITests";
			productName = "Practices-Of-A-Guide-To-iOS-AnimationUITests";
			productReference = CF65CE6B1C1ACE9F008D3DDD /* Practices-Of-A-Guide-To-iOS-AnimationUITests.xctest */;
			productType = "com.apple.product-type.bundle.ui-testing";
		};
/* End PBXNativeTarget section */

/* Begin PBXProject section */
		CF65CE3F1C1ACE9F008D3DDD /* Project object */ = {
			isa = PBXProject;
			attributes = {
				LastUpgradeCheck = 0710;
				ORGANIZATIONNAME = LT;
				TargetAttributes = {
					CF65CE461C1ACE9F008D3DDD = {
						CreatedOnToolsVersion = 7.1;
					};
					CF65CE5F1C1ACE9F008D3DDD = {
						CreatedOnToolsVersion = 7.1;
						TestTargetID = CF65CE461C1ACE9F008D3DDD;
					};
					CF65CE6A1C1ACE9F008D3DDD = {
						CreatedOnToolsVersion = 7.1;
						TestTargetID = CF65CE461C1ACE9F008D3DDD;
					};
				};
			};
			buildConfigurationList = CF65CE421C1ACE9F008D3DDD /* Build configuration list for PBXProject "Practices-Of-A-Guide-To-iOS-Animation" */;
			compatibilityVersion = "Xcode 3.2";
			developmentRegion = English;
			hasScannedForEncodings = 0;
			knownRegions = (
				en,
				Base,
			);
			mainGroup = CF65CE3E1C1ACE9F008D3DDD;
			productRefGroup = CF65CE481C1ACE9F008D3DDD /* Products */;
			projectDirPath = "";
			projectRoot = "";
			targets = (
				CF65CE461C1ACE9F008D3DDD /* Practices-Of-A-Guide-To-iOS-Animation */,
				CF65CE5F1C1ACE9F008D3DDD /* Practices-Of-A-Guide-To-iOS-AnimationTests */,
				CF65CE6A1C1ACE9F008D3DDD /* Practices-Of-A-Guide-To-iOS-AnimationUITests */,
			);
		};
/* End PBXProject section */

/* Begin PBXResourcesBuildPhase section */
		CF65CE451C1ACE9F008D3DDD /* Resources */ = {
			isa = PBXResourcesBuildPhase;
			buildActionMask = 2147483647;
			files = (
				CF6836161CF7E83700D41814 /* View.xib in Resources */,
				CF65CE5A1C1ACE9F008D3DDD /* LaunchScreen.storyboard in Resources */,
				CF65CE571C1ACE9F008D3DDD /* Assets.xcassets in Resources */,
				CF65CE551C1ACE9F008D3DDD /* Main.storyboard in Resources */,
			);
			runOnlyForDeploymentPostprocessing = 0;
		};
		CF65CE5E1C1ACE9F008D3DDD /* Resources */ = {
			isa = PBXResourcesBuildPhase;
			buildActionMask = 2147483647;
			files = (
			);
			runOnlyForDeploymentPostprocessing = 0;
		};
		CF65CE691C1ACE9F008D3DDD /* Resources */ = {
			isa = PBXResourcesBuildPhase;
			buildActionMask = 2147483647;
			files = (
			);
			runOnlyForDeploymentPostprocessing = 0;
		};
/* End PBXResourcesBuildPhase section */

/* Begin PBXSourcesBuildPhase section */
		CF65CE431C1ACE9F008D3DDD /* Sources */ = {
			isa = PBXSourcesBuildPhase;
			buildActionMask = 2147483647;
			files = (
				CFC302F41C2694310071959A /* GooeySlideMenuDemoView.m in Sources */,
				CF38411D1D0D64E000811F7A /* KYBubbleInteractiveTransition.m in Sources */,
				CF3841131D0D1D8500811F7A /* KYSpringLayerAnimation.m in Sources */,
				CF3841021D0D16C200811F7A /* SnowEffectsDemoView.m in Sources */,
				CFC303151C27B7B90071959A /* CurveLayer.m in Sources */,
				CFC302FD1C26956A0071959A /* KYPullToCurveView.m in Sources */,
				CFC302F61C2694310071959A /* SplashAnimationDemoView.m in Sources */,
				CF3A69C31D04186900F4013A /* JumpStarDemoView.m in Sources */,
				CF6836091CF7397200D41814 /* PingTransitionDemoView.m in Sources */,
				CF496F0E1CF7075400FADEA7 /* LoadingHUDView.m in Sources */,
				CF56601D1D067BF7007FB8C2 /* DownloadButtonDemoView.m in Sources */,
				CFC303061C269DAF0071959A /* LabelView.m in Sources */,
				CFA52EB11D05190100C65D2D /* UIImage+Custom.m in Sources */,
				CF3841161D0D1D9C00811F7A /* Cross.m in Sources */,
				CFC302F11C2694310071959A /* CircleLayer.m in Sources */,
				CF0E79801CFC6BEE00D83080 /* MCFireworksView.m in Sources */,
				CFC3030F1C27B6980071959A /* CurveView.m in Sources */,
				CF6836141CF7664A00D41814 /* CustomConvertTransition.m in Sources */,
				CF4B0D761CF9E3B800045A42 /* MCFireworksButton.m in Sources */,
				CFC302F21C2694310071959A /* CurveDemoView.m in Sources */,
				CF65CE521C1ACE9F008D3DDD /* ViewController.m in Sources */,
				CF68361B1CF80CD000D41814 /* SecondViewController.m in Sources */,
				CF68360C1CF73D9700D41814 /* CustomTransition.m in Sources */,
				CF4B0D731CF9E34900045A42 /* MCFireworksButtonDemoView.m in Sources */,
				CFC303001C269AC70071959A /* KYPullToCurveView_footer.m in Sources */,
				CF65CE4F1C1ACE9F008D3DDD /* AppDelegate.m in Sources */,
				CFC302F31C2694310071959A /* GooeySlideMenu.m in Sources */,
				CF6836221CF83F0B00D41814 /* InteractiveCardDemoView.m in Sources */,
				CF65CE8D1C1BC91A008D3DDD /* ParentView.m in Sources */,
				CFA52EB41D05197F00C65D2D /* LTUtilPackage.m in Sources */,
				CF38411E1D0D64E000811F7A /* KYBubbleTransition.m in Sources */,
				CF65CE861C1AEDDC008D3DDD /* LTDisplayVC.m in Sources */,
				CF5660201D067C51007FB8C2 /* DownButton.m in Sources */,
				CFC302F01C2694310071959A /* CircleDemoView.m in Sources */,
				CF38410D1D0D1D2800811F7A /* Menu.m in Sources */,
				CFC302F51C2694310071959A /* SlideMenuButton.m in Sources */,
				CF3841211D0D657600811F7A /* BubbleTransitionView.m in Sources */,
				CF3841101D0D1D4E00811F7A /* MenuLayer.m in Sources */,
				CF3841061D0D1C9B00811F7A /* GooeyMenuDemoView.m in Sources */,
				CF38410A1D0D1D0800811F7A /* KYGooeyMenu.m in Sources */,
				CF65CE4C1C1ACE9F008D3DDD /* main.m in Sources */,
				CFC303091C269FBD0071959A /* UIView+Convenient.m in Sources */,
				CF8019EE1D06CF8D0009317B /* DynamicActionBlockDemoView.m in Sources */,
			);
			runOnlyForDeploymentPostprocessing = 0;
		};
		CF65CE5C1C1ACE9F008D3DDD /* Sources */ = {
			isa = PBXSourcesBuildPhase;
			buildActionMask = 2147483647;
			files = (
				CF65CE651C1ACE9F008D3DDD /* Practices_Of_A_Guide_To_iOS_AnimationTests.m in Sources */,
			);
			runOnlyForDeploymentPostprocessing = 0;
		};
		CF65CE671C1ACE9F008D3DDD /* Sources */ = {
			isa = PBXSourcesBuildPhase;
			buildActionMask = 2147483647;
			files = (
				CF65CE701C1ACE9F008D3DDD /* Practices_Of_A_Guide_To_iOS_AnimationUITests.m in Sources */,
			);
			runOnlyForDeploymentPostprocessing = 0;
		};
/* End PBXSourcesBuildPhase section */

/* Begin PBXTargetDependency section */
		CF65CE621C1ACE9F008D3DDD /* PBXTargetDependency */ = {
			isa = PBXTargetDependency;
			target = CF65CE461C1ACE9F008D3DDD /* Practices-Of-A-Guide-To-iOS-Animation */;
			targetProxy = CF65CE611C1ACE9F008D3DDD /* PBXContainerItemProxy */;
		};
		CF65CE6D1C1ACE9F008D3DDD /* PBXTargetDependency */ = {
			isa = PBXTargetDependency;
			target = CF65CE461C1ACE9F008D3DDD /* Practices-Of-A-Guide-To-iOS-Animation */;
			targetProxy = CF65CE6C1C1ACE9F008D3DDD /* PBXContainerItemProxy */;
		};
/* End PBXTargetDependency section */

/* Begin PBXVariantGroup section */
		CF65CE531C1ACE9F008D3DDD /* Main.storyboard */ = {
			isa = PBXVariantGroup;
			children = (
				CF65CE541C1ACE9F008D3DDD /* Base */,
			);
			name = Main.storyboard;
			sourceTree = "<group>";
		};
		CF65CE581C1ACE9F008D3DDD /* LaunchScreen.storyboard */ = {
			isa = PBXVariantGroup;
			children = (
				CF65CE591C1ACE9F008D3DDD /* Base */,
			);
			name = LaunchScreen.storyboard;
			sourceTree = "<group>";
		};
/* End PBXVariantGroup section */

/* Begin XCBuildConfiguration section */
		CF65CE721C1ACE9F008D3DDD /* Debug */ = {
			isa = XCBuildConfiguration;
			buildSettings = {
				ALWAYS_SEARCH_USER_PATHS = NO;
				CLANG_CXX_LANGUAGE_STANDARD = "gnu++0x";
				CLANG_CXX_LIBRARY = "libc++";
				CLANG_ENABLE_MODULES = YES;
				CLANG_ENABLE_OBJC_ARC = YES;
				CLANG_WARN_BOOL_CONVERSION = YES;
				CLANG_WARN_CONSTANT_CONVERSION = YES;
				CLANG_WARN_DIRECT_OBJC_ISA_USAGE = YES_ERROR;
				CLANG_WARN_EMPTY_BODY = YES;
				CLANG_WARN_ENUM_CONVERSION = YES;
				CLANG_WARN_INT_CONVERSION = YES;
				CLANG_WARN_OBJC_ROOT_CLASS = YES_ERROR;
				CLANG_WARN_UNREACHABLE_CODE = YES;
				CLANG_WARN__DUPLICATE_METHOD_MATCH = YES;
				"CODE_SIGN_IDENTITY[sdk=iphoneos*]" = "iPhone Developer";
				COPY_PHASE_STRIP = NO;
				DEBUG_INFORMATION_FORMAT = dwarf;
				ENABLE_STRICT_OBJC_MSGSEND = YES;
				ENABLE_TESTABILITY = YES;
				GCC_C_LANGUAGE_STANDARD = gnu99;
				GCC_DYNAMIC_NO_PIC = NO;
				GCC_NO_COMMON_BLOCKS = YES;
				GCC_OPTIMIZATION_LEVEL = 0;
				GCC_PREPROCESSOR_DEFINITIONS = (
					"DEBUG=1",
					"$(inherited)",
				);
				GCC_WARN_64_TO_32_BIT_CONVERSION = YES;
				GCC_WARN_ABOUT_RETURN_TYPE = YES_ERROR;
				GCC_WARN_UNDECLARED_SELECTOR = YES;
				GCC_WARN_UNINITIALIZED_AUTOS = YES_AGGRESSIVE;
				GCC_WARN_UNUSED_FUNCTION = YES;
				GCC_WARN_UNUSED_VARIABLE = YES;
				IPHONEOS_DEPLOYMENT_TARGET = 9.1;
				MTL_ENABLE_DEBUG_INFO = YES;
				ONLY_ACTIVE_ARCH = YES;
				SDKROOT = iphoneos;
			};
			name = Debug;
		};
		CF65CE731C1ACE9F008D3DDD /* Release */ = {
			isa = XCBuildConfiguration;
			buildSettings = {
				ALWAYS_SEARCH_USER_PATHS = NO;
				CLANG_CXX_LANGUAGE_STANDARD = "gnu++0x";
				CLANG_CXX_LIBRARY = "libc++";
				CLANG_ENABLE_MODULES = YES;
				CLANG_ENABLE_OBJC_ARC = YES;
				CLANG_WARN_BOOL_CONVERSION = YES;
				CLANG_WARN_CONSTANT_CONVERSION = YES;
				CLANG_WARN_DIRECT_OBJC_ISA_USAGE = YES_ERROR;
				CLANG_WARN_EMPTY_BODY = YES;
				CLANG_WARN_ENUM_CONVERSION = YES;
				CLANG_WARN_INT_CONVERSION = YES;
				CLANG_WARN_OBJC_ROOT_CLASS = YES_ERROR;
				CLANG_WARN_UNREACHABLE_CODE = YES;
				CLANG_WARN__DUPLICATE_METHOD_MATCH = YES;
				"CODE_SIGN_IDENTITY[sdk=iphoneos*]" = "iPhone Developer";
				COPY_PHASE_STRIP = NO;
				DEBUG_INFORMATION_FORMAT = "dwarf-with-dsym";
				ENABLE_NS_ASSERTIONS = NO;
				ENABLE_STRICT_OBJC_MSGSEND = YES;
				GCC_C_LANGUAGE_STANDARD = gnu99;
				GCC_NO_COMMON_BLOCKS = YES;
				GCC_WARN_64_TO_32_BIT_CONVERSION = YES;
				GCC_WARN_ABOUT_RETURN_TYPE = YES_ERROR;
				GCC_WARN_UNDECLARED_SELECTOR = YES;
				GCC_WARN_UNINITIALIZED_AUTOS = YES_AGGRESSIVE;
				GCC_WARN_UNUSED_FUNCTION = YES;
				GCC_WARN_UNUSED_VARIABLE = YES;
				IPHONEOS_DEPLOYMENT_TARGET = 9.1;
				MTL_ENABLE_DEBUG_INFO = NO;
				SDKROOT = iphoneos;
				VALIDATE_PRODUCT = YES;
			};
			name = Release;
		};
		CF65CE751C1ACE9F008D3DDD /* Debug */ = {
			isa = XCBuildConfiguration;
			buildSettings = {
				ASSETCATALOG_COMPILER_APPICON_NAME = AppIcon;
				GCC_PREFIX_HEADER = "$(PROJECT)/PrefixHeader.pch";
				INFOPLIST_FILE = "Practices-Of-A-Guide-To-iOS-Animation/Info.plist";
				LD_RUNPATH_SEARCH_PATHS = "$(inherited) @executable_path/Frameworks";
				PRODUCT_BUNDLE_IDENTIFIER = "LT.Practices-Of-A-Guide-To-iOS-Animation";
				PRODUCT_NAME = "$(TARGET_NAME)";
			};
			name = Debug;
		};
		CF65CE761C1ACE9F008D3DDD /* Release */ = {
			isa = XCBuildConfiguration;
			buildSettings = {
				ASSETCATALOG_COMPILER_APPICON_NAME = AppIcon;
				GCC_PREFIX_HEADER = "$(PROJECT)/PrefixHeader.pch";
				INFOPLIST_FILE = "Practices-Of-A-Guide-To-iOS-Animation/Info.plist";
				LD_RUNPATH_SEARCH_PATHS = "$(inherited) @executable_path/Frameworks";
				PRODUCT_BUNDLE_IDENTIFIER = "LT.Practices-Of-A-Guide-To-iOS-Animation";
				PRODUCT_NAME = "$(TARGET_NAME)";
			};
			name = Release;
		};
		CF65CE781C1ACE9F008D3DDD /* Debug */ = {
			isa = XCBuildConfiguration;
			buildSettings = {
				BUNDLE_LOADER = "$(TEST_HOST)";
				INFOPLIST_FILE = "Practices-Of-A-Guide-To-iOS-AnimationTests/Info.plist";
				LD_RUNPATH_SEARCH_PATHS = "$(inherited) @executable_path/Frameworks @loader_path/Frameworks";
				PRODUCT_BUNDLE_IDENTIFIER = "LT.Practices-Of-A-Guide-To-iOS-AnimationTests";
				PRODUCT_NAME = "$(TARGET_NAME)";
				TEST_HOST = "$(BUILT_PRODUCTS_DIR)/Practices-Of-A-Guide-To-iOS-Animation.app/Practices-Of-A-Guide-To-iOS-Animation";
			};
			name = Debug;
		};
		CF65CE791C1ACE9F008D3DDD /* Release */ = {
			isa = XCBuildConfiguration;
			buildSettings = {
				BUNDLE_LOADER = "$(TEST_HOST)";
				INFOPLIST_FILE = "Practices-Of-A-Guide-To-iOS-AnimationTests/Info.plist";
				LD_RUNPATH_SEARCH_PATHS = "$(inherited) @executable_path/Frameworks @loader_path/Frameworks";
				PRODUCT_BUNDLE_IDENTIFIER = "LT.Practices-Of-A-Guide-To-iOS-AnimationTests";
				PRODUCT_NAME = "$(TARGET_NAME)";
				TEST_HOST = "$(BUILT_PRODUCTS_DIR)/Practices-Of-A-Guide-To-iOS-Animation.app/Practices-Of-A-Guide-To-iOS-Animation";
			};
			name = Release;
		};
		CF65CE7B1C1ACE9F008D3DDD /* Debug */ = {
			isa = XCBuildConfiguration;
			buildSettings = {
				INFOPLIST_FILE = "Practices-Of-A-Guide-To-iOS-AnimationUITests/Info.plist";
				LD_RUNPATH_SEARCH_PATHS = "$(inherited) @executable_path/Frameworks @loader_path/Frameworks";
				PRODUCT_BUNDLE_IDENTIFIER = "LT.Practices-Of-A-Guide-To-iOS-AnimationUITests";
				PRODUCT_NAME = "$(TARGET_NAME)";
				TEST_TARGET_NAME = "Practices-Of-A-Guide-To-iOS-Animation";
				USES_XCTRUNNER = YES;
			};
			name = Debug;
		};
		CF65CE7C1C1ACE9F008D3DDD /* Release */ = {
			isa = XCBuildConfiguration;
			buildSettings = {
				INFOPLIST_FILE = "Practices-Of-A-Guide-To-iOS-AnimationUITests/Info.plist";
				LD_RUNPATH_SEARCH_PATHS = "$(inherited) @executable_path/Frameworks @loader_path/Frameworks";
				PRODUCT_BUNDLE_IDENTIFIER = "LT.Practices-Of-A-Guide-To-iOS-AnimationUITests";
				PRODUCT_NAME = "$(TARGET_NAME)";
				TEST_TARGET_NAME = "Practices-Of-A-Guide-To-iOS-Animation";
				USES_XCTRUNNER = YES;
			};
			name = Release;
		};
/* End XCBuildConfiguration section */

/* Begin XCConfigurationList section */
		CF65CE421C1ACE9F008D3DDD /* Build configuration list for PBXProject "Practices-Of-A-Guide-To-iOS-Animation" */ = {
			isa = XCConfigurationList;
			buildConfigurations = (
				CF65CE721C1ACE9F008D3DDD /* Debug */,
				CF65CE731C1ACE9F008D3DDD /* Release */,
			);
			defaultConfigurationIsVisible = 0;
			defaultConfigurationName = Release;
		};
		CF65CE741C1ACE9F008D3DDD /* Build configuration list for PBXNativeTarget "Practices-Of-A-Guide-To-iOS-Animation" */ = {
			isa = XCConfigurationList;
			buildConfigurations = (
				CF65CE751C1ACE9F008D3DDD /* Debug */,
				CF65CE761C1ACE9F008D3DDD /* Release */,
			);
			defaultConfigurationIsVisible = 0;
			defaultConfigurationName = Release;
		};
		CF65CE771C1ACE9F008D3DDD /* Build configuration list for PBXNativeTarget "Practices-Of-A-Guide-To-iOS-AnimationTests" */ = {
			isa = XCConfigurationList;
			buildConfigurations = (
				CF65CE781C1ACE9F008D3DDD /* Debug */,
				CF65CE791C1ACE9F008D3DDD /* Release */,
			);
			defaultConfigurationIsVisible = 0;
			defaultConfigurationName = Release;
		};
		CF65CE7A1C1ACE9F008D3DDD /* Build configuration list for PBXNativeTarget "Practices-Of-A-Guide-To-iOS-AnimationUITests" */ = {
			isa = XCConfigurationList;
			buildConfigurations = (
				CF65CE7B1C1ACE9F008D3DDD /* Debug */,
				CF65CE7C1C1ACE9F008D3DDD /* Release */,
			);
			defaultConfigurationIsVisible = 0;
			defaultConfigurationName = Release;
		};
/* End XCConfigurationList section */
	};
	rootObject = CF65CE3F1C1ACE9F008D3DDD /* Project object */;
}
